
Microsoft Visual Studio Solution File, Format Version 12.00
# Visual Studio Version 17
VisualStudioVersion = 17.5.33502.453
MinimumVisualStudioVersion = 10.0.40219.1
Project("{888888A0-9F3D-457C-B088-3A5042F75D52}") = "Certificate", "Certificate\Certificate.pyproj", "{418312CC-249F-4700-B069-300D152DF26B}"
EndProject
Global
	GlobalSection(SolutionConfigurationPlatforms) = preSolution
		Debug|Any CPU = Debug|Any CPU
		Release|Any CPU = Release|Any CPU
	EndGlobalSection
	GlobalSection(ProjectConfigurationPlatforms) = postSolution
		{418312CC-249F-4700-B069-300D152DF26B}.Debug|Any CPU.ActiveCfg = Debug|Any CPU
		{418312CC-249F-4700-B069-300D152DF26B}.Release|Any CPU.ActiveCfg = Release|Any CPU
	EndGlobalSection
	GlobalSection(SolutionProperties) = preSolution
		HideSolutionNode = FALSE
	EndGlobalSection
	GlobalSection(ExtensibilityGlobals) = postSolution
		SolutionGuid = {758ACF81-842F-47C1-B726-7DB1FF8C9998}
	EndGlobalSection
EndGlobal
